
Microsoft Visual Studio Solution File, Format Version 12.00
# Visual Studio 15
VisualStudioVersion = 15.0.27004.2010
MinimumVisualStudioVersion = 10.0.40219.1
Project("{FAE04EC0-301F-11D3-BF4B-00C04F79EFBC}") = "PostMicroService_SocialWall", "PostMicroService_SocialWall\PostMicroService_SocialWall.csproj", "{BCD4EDFD-56BF-409A-9738-BF402C637DF2}"
EndProject
Project("{FAE04EC0-301F-11D3-BF4B-00C04F79EFBC}") = "PostMicroService_SocialWall.Tests", "PostMicroService_SocialWall.Tests\PostMicroService_SocialWall.Tests.csproj", "{C4D1FC94-B8CD-4E52-8B56-D8E7820C82ED}"
EndProject
Global
	GlobalSection(SolutionConfigurationPlatforms) = preSolution
		Debug|Any CPU = Debug|Any CPU
		Release|Any CPU = Release|Any CPU
	EndGlobalSection
	GlobalSection(ProjectConfigurationPlatforms) = postSolution
		{BCD4EDFD-56BF-409A-9738-BF402C637DF2}.Debug|Any CPU.ActiveCfg = Debug|Any CPU
		{BCD4EDFD-56BF-409A-9738-BF402C637DF2}.Debug|Any CPU.Build.0 = Debug|Any CPU
		{BCD4EDFD-56BF-409A-9738-BF402C637DF2}.Release|Any CPU.ActiveCfg = Release|Any CPU
		{BCD4EDFD-56BF-409A-9738-BF402C637DF2}.Release|Any CPU.Build.0 = Release|Any CPU
		{C4D1FC94-B8CD-4E52-8B56-D8E7820C82ED}.Debug|Any CPU.ActiveCfg = Debug|Any CPU
		{C4D1FC94-B8CD-4E52-8B56-D8E7820C82ED}.Debug|Any CPU.Build.0 = Debug|Any CPU
		{C4D1FC94-B8CD-4E52-8B56-D8E7820C82ED}.Release|Any CPU.ActiveCfg = Release|Any CPU
		{C4D1FC94-B8CD-4E52-8B56-D8E7820C82ED}.Release|Any CPU.Build.0 = Release|Any CPU
	EndGlobalSection
	GlobalSection(SolutionProperties) = preSolution
		HideSolutionNode = FALSE
	EndGlobalSection
	GlobalSection(ExtensibilityGlobals) = postSolution
		SolutionGuid = {61DFD7B2-F3AD-483D-8E8F-576C2C7B47C1}
	EndGlobalSection
EndGlobal
